lockfileVersion: '9.0'

settings:
  autoInstallPeers: true
  excludeLinksFromLockfile: false

importers:

  .:
    dependencies:
      hono:
        specifier: ^4.10.4
        version: 4.10.4
      uuid:
        specifier: ^13.0.0
        version: 13.0.0
    devDependencies:
      '@cloudflare/workers-types':
        specifier: ^4.20240512.0
        version: 4.20240512.0
      '@types/uuid':
        specifier: ^10.0.0
        version: 10.0.0
      typescript:
        specifier: ^5.4.5
        version: 5.4.5
      vitest:
        specifier: ^4.0.13
        version: 4.0.13
      wrangler:
        specifier: ^4.46.0
        version: 4.46.0

packages:

  '@cloudflare/workers-types@4.20240512.0':
    resolution: {integrity: sha512-arqrn4Q5OK3VRdq/+RYwdW6ZZsoso4UZs+rHWS4zv2VT3xBNNQj7tjxZ8B5coxTMQQMU1xDbuxQZ8KGCblcQVA==}

  '@types/uuid@10.0.0':
    resolution: {integrity: sha512-7gqG38EyHgyP1S+7+xomFtL+ZNHcKv6DwNaCZmJmo1vgMugyF3TCnXVg4t1uk89mLNwnLtnY3TpOpCOyp1/xHQ==}

  hono@4.10.4:
    resolution: {integrity: sha512-j5bBEKjkULnq7LLSHJkRVjfuOLhIFiQce8+ZtOzCzZeUPUBlxdV1nhkr+MHH9+LUfzQqmGgg8RvAkOmOCYF8Kg==}
    engines: {node: '>=16.0.0'}

  typescript@5.4.5:
    resolution: {integrity: sha512-vcI4UpRgg81oIRUFwR0WSIHKt11nJ7SAVlYNIu+QpqeyXP+gpQJy/Z4+F0aGxSE4MqwjyXvW/TzgkLAx2AGHwQ==}
    engines: {node: '>=14.17'}
    hasBin: true

  uuid@13.0.0:
    resolution: {integrity: sha512-7+2ABuh7bb58zP3nrBr6RBnhOTneLCqvMhvS0TF2zqjGkE0+ds+rEwVs7cHxBhLSf0TLfEKAnhufoU7uMKUqng==}
    hasBin: true

  vitest@4.0.13:
    resolution: {integrity: sha512-cIjXcSsoqBqMx3DGPHi+j4jV1A1XM0XK+eWl/bTdgOPyGJv7QKKGzdWj79cIMXLo9RoM6OyqjCLbFYWw9Dg2rg==}
    engines: {node: ^18.0.0 || >=20.0.0}
    hasBin: true

  wrangler@4.46.0:
    resolution: {integrity: sha512-8p9aMlynZZLe8HdU9kF1AiGjNkZc+3bkw/pHl/K2B8KiCOUGSYIb/bHg/oFGXjmGGQ1rMQn1FhYQFvGTKAEQIg==}
    engines: {node: '>=18.14.1'}
    hasBin: true
